
Microsoft Visual Studio Solution File, Format Version 12.00
# Visual Studio Version 17
VisualStudioVersion = 17.1.32421.90
MinimumVisualStudioVersion = 10.0.40219.1
Project("{2150E333-8FDC-42A3-9474-1A3956D46DE8}") = "src", "src", "{CD5C43ED-F161-44CB-8253-25AF92C27D42}"
EndProject
Project("{2150E333-8FDC-42A3-9474-1A3956D46DE8}") = "kafka-producer-wikimedia", "kafka-producer-wikimedia", "{BF90E7CE-733C-4091-B11E-5E4863B6F6DF}"
EndProject
Project("{FAE04EC0-301F-11D3-BF4B-00C04F79EFBC}") = "Wikimedia.Producer.Service", "src\kafka-producer-wikimedia\Wikimedia.Producer.Service\Wikimedia.Producer.Service.csproj", "{441641F9-3C49-4D83-9358-99A4F733D319}"
EndProject
Project("{2150E333-8FDC-42A3-9474-1A3956D46DE8}") = "kafka-consumer-opensearch", "kafka-consumer-opensearch", "{9573697C-7272-488B-8871-9AD0A55E6927}"
EndProject
Project("{FAE04EC0-301F-11D3-BF4B-00C04F79EFBC}") = "Opensearch.Consumer.Service", "src\kafka-consumer-opensearch\Opensearch.Consumer.Service\Opensearch.Consumer.Service.csproj", "{C5BC9F58-D818-4B33-941B-69413D3E723C}"
EndProject
Global
	GlobalSection(SolutionConfigurationPlatforms) = preSolution
		Debug|Any CPU = Debug|Any CPU
		Release|Any CPU = Release|Any CPU
	EndGlobalSection
	GlobalSection(ProjectConfigurationPlatforms) = postSolution
		{441641F9-3C49-4D83-9358-99A4F733D319}.Debug|Any CPU.ActiveCfg = Debug|Any CPU
		{441641F9-3C49-4D83-9358-99A4F733D319}.Debug|Any CPU.Build.0 = Debug|Any CPU
		{441641F9-3C49-4D83-9358-99A4F733D319}.Release|Any CPU.ActiveCfg = Release|Any CPU
		{441641F9-3C49-4D83-9358-99A4F733D319}.Release|Any CPU.Build.0 = Release|Any CPU
		{C5BC9F58-D818-4B33-941B-69413D3E723C}.Debug|Any CPU.ActiveCfg = Debug|Any CPU
		{C5BC9F58-D818-4B33-941B-69413D3E723C}.Debug|Any CPU.Build.0 = Debug|Any CPU
		{C5BC9F58-D818-4B33-941B-69413D3E723C}.Release|Any CPU.ActiveCfg = Release|Any CPU
		{C5BC9F58-D818-4B33-941B-69413D3E723C}.Release|Any CPU.Build.0 = Release|Any CPU
	EndGlobalSection
	GlobalSection(SolutionProperties) = preSolution
		HideSolutionNode = FALSE
	EndGlobalSection
	GlobalSection(NestedProjects) = preSolution
		{BF90E7CE-733C-4091-B11E-5E4863B6F6DF} = {CD5C43ED-F161-44CB-8253-25AF92C27D42}
		{441641F9-3C49-4D83-9358-99A4F733D319} = {BF90E7CE-733C-4091-B11E-5E4863B6F6DF}
		{9573697C-7272-488B-8871-9AD0A55E6927} = {CD5C43ED-F161-44CB-8253-25AF92C27D42}
		{C5BC9F58-D818-4B33-941B-69413D3E723C} = {9573697C-7272-488B-8871-9AD0A55E6927}
	EndGlobalSection
	GlobalSection(ExtensibilityGlobals) = postSolution
		SolutionGuid = {867DD676-DBA4-4EBC-A7BC-FF64FF1F2E52}
	EndGlobalSection
EndGlobal
